// !$*UTF8*$!
{
	archiveVersion = 1;
	classes = {
	};
	objectVersion = 50;
	objects = {

/* Begin PBXBuildFile section */
		DE35E34822AD9AEF00E954E9 /* AppDelegate.swift in Sources */ = {isa = PBXBuildFile; fileRef = DE35E34722AD9AEF00E954E9 /* AppDelegate.swift */; };
		DE35E34D22AD9AEF00E954E9 /* Main.storyboard in Resources */ = {isa = PBXBuildFile; fileRef = DE35E34B22AD9AEF00E954E9 /* Main.storyboard */; };
		DE35E34F22AD9AF100E954E9 /* Assets.xcassets in Resources */ = {isa = PBXBuildFile; fileRef = DE35E34E22AD9AF100E954E9 /* Assets.xcassets */; };
		DE35E35222AD9AF100E954E9 /* LaunchScreen.storyboard in Resources */ = {isa = PBXBuildFile; fileRef = DE35E35022AD9AF100E954E9 /* LaunchScreen.storyboard */; };
		DE35E35F22AD9C4500E954E9 /* Emoji.swift in Sources */ = {isa = PBXBuildFile; fileRef = DE35E35E22AD9C4500E954E9 /* Emoji.swift */; };
		DE35E36122AEEB6100E954E9 /* EmojiTableViewController+UIViewController.swift in Sources */ = {isa = PBXBuildFile; fileRef = DE35E36022AEEB6100E954E9 /* EmojiTableViewController+UIViewController.swift */; };
		DE35E36422AEF2B800E954E9 /* EmojiTableViewController.swift in Sources */ = {isa = PBXBuildFile; fileRef = DE35E36322AEF2B700E954E9 /* EmojiTableViewController.swift */; };
		DE35E36622AEF2C800E954E9 /* EmojiTableViewController+ModelLoading.swift in Sources */ = {isa = PBXBuildFile; fileRef = DE35E36522AEF2C800E954E9 /* EmojiTableViewController+ModelLoading.swift */; };
		DE35E36822AEF58200E954E9 /* EmojiTableViewController+UITableViewDataSource.swift in Sources */ = {isa = PBXBuildFile; fileRef = DE35E36722AEF58200E954E9 /* EmojiTableViewController+UITableViewDataSource.swift */; };
		DE35E36B22AF00EE00E954E9 /* EmojiTableViewCell.swift in Sources */ = {isa = PBXBuildFile; fileRef = DE35E36A22AF00EE00E954E9 /* EmojiTableViewCell.swift */; };
		DE35E36E22AF056E00E954E9 /* CellManager.swift in Sources */ = {isa = PBXBuildFile; fileRef = DE35E36D22AF056E00E954E9 /* CellManager.swift */; };
		DE35E37022AF09F300E954E9 /* EmojiTableViewController+Delegate.swift in Sources */ = {isa = PBXBuildFile; fileRef = DE35E36F22AF09F300E954E9 /* EmojiTableViewController+Delegate.swift */; };
		DE35E3A822C15FA100E954E9 /* EmojiTableViewController+Navigation.swift in Sources */ = {isa = PBXBuildFile; fileRef = DE35E3A722C15FA100E954E9 /* EmojiTableViewController+Navigation.swift */; };
		DE35E3AA22C1739C00E954E9 /* EmojiDetailTableViewController+UIViewController.swift in Sources */ = {isa = PBXBuildFile; fileRef = DE35E3A922C1739C00E954E9 /* EmojiDetailTableViewController+UIViewController.swift */; };
		DE35E3AC22C174B900E954E9 /* EmojiDetailTableViewController.swift in Sources */ = {isa = PBXBuildFile; fileRef = DE35E3AB22C174B900E954E9 /* EmojiDetailTableViewController.swift */; };
/* End PBXBuildFile section */

/* Begin PBXFileReference section */
		DE35E34422AD9AEF00E954E9 /* Emoji Dictionary.app */ = {isa = PBXFileReference; explicitFileType = wrapper.application; includeInIndex = 0; path = "Emoji Dictionary.app"; sourceTree = BUILT_PRODUCTS_DIR; };
		DE35E34722AD9AEF00E954E9 /* AppDelegate.swift */ = {isa = PBXFileReference; lastKnownFileType = sourcecode.swift; path = AppDelegate.swift; sourceTree = "<group>"; };
		DE35E34C22AD9AEF00E954E9 /* Base */ = {isa = PBXFileReference; lastKnownFileType = file.storyboard; name = Base; path = Base.lproj/Main.storyboard; sourceTree = "<group>"; };
		DE35E34E22AD9AF100E954E9 /* Assets.xcassets */ = {isa = PBXFileReference; lastKnownFileType = folder.assetcatalog; path = Assets.xcassets; sourceTree = "<group>"; };
		DE35E35122AD9AF100E954E9 /* Base */ = {isa = PBXFileReference; lastKnownFileType = file.storyboard; name = Base; path = Base.lproj/LaunchScreen.storyboard; sourceTree = "<group>"; };
		DE35E35322AD9AF100E954E9 /* Info.plist */ = {isa = PBXFileReference; lastKnownFileType = text.plist.xml; path = Info.plist; sourceTree = "<group>"; };
		DE35E35E22AD9C4500E954E9 /* Emoji.swift */ = {isa = PBXFileReference; lastKnownFileType = sourcecode.swift; path = Emoji.swift; sourceTree = "<group>"; };
		DE35E36022AEEB6100E954E9 /* EmojiTableViewController+UIViewController.swift */ = {isa = PBXFileReference; lastKnownFileType = sourcecode.swift; path = "EmojiTableViewController+UIViewController.swift"; sourceTree = "<group>"; };
		DE35E36322AEF2B700E954E9 /* EmojiTableViewController.swift */ = {isa = PBXFileReference; lastKnownFileType = sourcecode.swift; path = EmojiTableViewController.swift; sourceTree = "<group>"; };
		DE35E36522AEF2C800E954E9 /* EmojiTableViewController+ModelLoading.swift */ = {isa = PBXFileReference; lastKnownFileType = sourcecode.swift; path = "EmojiTableViewController+ModelLoading.swift"; sourceTree = "<group>"; };
		DE35E36722AEF58200E954E9 /* EmojiTableViewController+UITableViewDataSource.swift */ = {isa = PBXFileReference; lastKnownFileType = sourcecode.swift; path = "EmojiTableViewController+UITableViewDataSource.swift"; sourceTree = "<group>"; };
		DE35E36A22AF00EE00E954E9 /* EmojiTableViewCell.swift */ = {isa = PBXFileReference; lastKnownFileType = sourcecode.swift; path = EmojiTableViewCell.swift; sourceTree = "<group>"; };
		DE35E36D22AF056E00E954E9 /* CellManager.swift */ = {isa = PBXFileReference; lastKnownFileType = sourcecode.swift; path = CellManager.swift; sourceTree = "<group>"; };
		DE35E36F22AF09F300E954E9 /* EmojiTableViewController+Delegate.swift */ = {isa = PBXFileReference; lastKnownFileType = sourcecode.swift; path = "EmojiTableViewController+Delegate.swift"; sourceTree = "<group>"; };
		DE35E3A722C15FA100E954E9 /* EmojiTableViewController+Navigation.swift */ = {isa = PBXFileReference; lastKnownFileType = sourcecode.swift; path = "EmojiTableViewController+Navigation.swift"; sourceTree = "<group>"; };
		DE35E3A922C1739C00E954E9 /* EmojiDetailTableViewController+UIViewController.swift */ = {isa = PBXFileReference; lastKnownFileType = sourcecode.swift; path = "EmojiDetailTableViewController+UIViewController.swift"; sourceTree = "<group>"; };
		DE35E3AB22C174B900E954E9 /* EmojiDetailTableViewController.swift */ = {isa = PBXFileReference; lastKnownFileType = sourcecode.swift; path = EmojiDetailTableViewController.swift; sourceTree = "<group>"; };
/* End PBXFileReference section */

/* Begin PBXFrameworksBuildPhase section */
		DE35E34122AD9AEF00E954E9 /* Frameworks */ = {
			isa = PBXFrameworksBuildPhase;
			buildActionMask = 2147483647;
			files = (
			);
			runOnlyForDeploymentPostprocessing = 0;
		};
/* End PBXFrameworksBuildPhase section */

/* Begin PBXGroup section */
		DE35E33B22AD9AEF00E954E9 = {
			isa = PBXGroup;
			children = (
				DE35E34622AD9AEF00E954E9 /* Emoji Dictionary */,
				DE35E34522AD9AEF00E954E9 /* Products */,
			);
			sourceTree = "<group>";
		};
		DE35E34522AD9AEF00E954E9 /* Products */ = {
			isa = PBXGroup;
			children = (
				DE35E34422AD9AEF00E954E9 /* Emoji Dictionary.app */,
			);
			name = Products;
			sourceTree = "<group>";
		};
		DE35E34622AD9AEF00E954E9 /* Emoji Dictionary */ = {
			isa = PBXGroup;
			children = (
				DE35E35922AD9B5000E954E9 /* App */,
				DE35E36C22AF053900E954E9 /* Managers */,
				DE35E35D22AD9BA600E954E9 /* Model */,
				DE35E35C22AD9B8C00E954E9 /* Resources */,
				DE35E35B22AD9B7300E954E9 /* Storyboards */,
				DE35E36922AF005900E954E9 /* View */,
				DE35E35A22AD9B5F00E954E9 /* View Controllers */,
			);
			path = "Emoji Dictionary";
			sourceTree = "<group>";
		};
		DE35E35922AD9B5000E954E9 /* App */ = {
			isa = PBXGroup;
			children = (
				DE35E34722AD9AEF00E954E9 /* AppDelegate.swift */,
				DE35E35322AD9AF100E954E9 /* Info.plist */,
			);
			path = App;
			sourceTree = "<group>";
		};
		DE35E35A22AD9B5F00E954E9 /* View Controllers */ = {
			isa = PBXGroup;
			children = (
				DE35E36222AEF29A00E954E9 /* EmojiTableViewController */,
				DE35E3A422C15EB900E954E9 /* EmojiDetailTableViewController */,
			);
			path = "View Controllers";
			sourceTree = "<group>";
		};
		DE35E35B22AD9B7300E954E9 /* Storyboards */ = {
			isa = PBXGroup;
			children = (
				DE35E34B22AD9AEF00E954E9 /* Main.storyboard */,
				DE35E35022AD9AF100E954E9 /* LaunchScreen.storyboard */,
			);
			path = Storyboards;
			sourceTree = "<group>";
		};
		DE35E35C22AD9B8C00E954E9 /* Resources */ = {
			isa = PBXGroup;
			children = (
				DE35E34E22AD9AF100E954E9 /* Assets.xcassets */,
			);
			path = Resources;
			sourceTree = "<group>";
		};
		DE35E35D22AD9BA600E954E9 /* Model */ = {
			isa = PBXGroup;
			children = (
				DE35E35E22AD9C4500E954E9 /* Emoji.swift */,
			);
			path = Model;
			sourceTree = "<group>";
		};
		DE35E36222AEF29A00E954E9 /* EmojiTableViewController */ = {
			isa = PBXGroup;
			children = (
				DE35E36322AEF2B700E954E9 /* EmojiTableViewController.swift */,
				DE35E36F22AF09F300E954E9 /* EmojiTableViewController+Delegate.swift */,
				DE35E36522AEF2C800E954E9 /* EmojiTableViewController+ModelLoading.swift */,
				DE35E36722AEF58200E954E9 /* EmojiTableViewController+UITableViewDataSource.swift */,
				DE35E36022AEEB6100E954E9 /* EmojiTableViewController+UIViewController.swift */,
				DE35E3A722C15FA100E954E9 /* EmojiTableViewController+Navigation.swift */,
			);
			path = EmojiTableViewController;
			sourceTree = "<group>";
		};
		DE35E36922AF005900E954E9 /* View */ = {
			isa = PBXGroup;
			children = (
				DE35E36A22AF00EE00E954E9 /* EmojiTableViewCell.swift */,
			);
			path = View;
			sourceTree = "<group>";
		};
		DE35E36C22AF053900E954E9 /* Managers */ = {
			isa = PBXGroup;
			children = (
				DE35E36D22AF056E00E954E9 /* CellManager.swift */,
			);
			path = Managers;
			sourceTree = "<group>";
		};
		DE35E3A422C15EB900E954E9 /* EmojiDetailTableViewController */ = {
			isa = PBXGroup;
			children = (
				DE35E3AB22C174B900E954E9 /* EmojiDetailTableViewController.swift */,
				DE35E3A922C1739C00E954E9 /* EmojiDetailTableViewController+UIViewController.swift */,
			);
			path = EmojiDetailTableViewController;
			sourceTree = "<group>";
		};
/* End PBXGroup section */

/* Begin PBXNativeTarget section */
		DE35E34322AD9AEF00E954E9 /* Emoji Dictionary */ = {
			isa = PBXNativeTarget;
			buildConfigurationList = DE35E35622AD9AF100E954E9 /* Build configuration list for PBXNativeTarget "Emoji Dictionary" */;
			buildPhases = (
				DE35E34022AD9AEF00E954E9 /* Sources */,
				DE35E34122AD9AEF00E954E9 /* Frameworks */,
				DE35E34222AD9AEF00E954E9 /* Resources */,
			);
			buildRules = (
			);
			dependencies = (
			);
			name = "Emoji Dictionary";
			productName = "Emoji Dictionary";
			productReference = DE35E34422AD9AEF00E954E9 /* Emoji Dictionary.app */;
			productType = "com.apple.product-type.application";
		};
/* End PBXNativeTarget section */

/* Begin PBXProject section */
		DE35E33C22AD9AEF00E954E9 /* Project object */ = {
			isa = PBXProject;
			attributes = {
				LastSwiftUpdateCheck = 1020;
				LastUpgradeCheck = 1020;
				ORGANIZATIONNAME = "Ilia Karas";
				TargetAttributes = {
					DE35E34322AD9AEF00E954E9 = {
						CreatedOnToolsVersion = 10.2;
					};
				};
			};
			buildConfigurationList = DE35E33F22AD9AEF00E954E9 /* Build configuration list for PBXProject "Emoji Dictionary" */;
			compatibilityVersion = "Xcode 9.3";
			developmentRegion = en;
			hasScannedForEncodings = 0;
			knownRegions = (
				en,
				Base,
			);
			mainGroup = DE35E33B22AD9AEF00E954E9;
			productRefGroup = DE35E34522AD9AEF00E954E9 /* Products */;
			projectDirPath = "";
			projectRoot = "";
			targets = (
				DE35E34322AD9AEF00E954E9 /* Emoji Dictionary */,
			);
		};
/* End PBXProject section */

/* Begin PBXResourcesBuildPhase section */
		DE35E34222AD9AEF00E954E9 /* Resources */ = {
			isa = PBXResourcesBuildPhase;
			buildActionMask = 2147483647;
			files = (
				DE35E35222AD9AF100E954E9 /* LaunchScreen.storyboard in Resources */,
				DE35E34F22AD9AF100E954E9 /* Assets.xcassets in Resources */,
				DE35E34D22AD9AEF00E954E9 /* Main.storyboard in Resources */,
			);
			runOnlyForDeploymentPostprocessing = 0;
		};
/* End PBXResourcesBuildPhase section */

/* Begin PBXSourcesBuildPhase section */
		DE35E34022AD9AEF00E954E9 /* Sources */ = {
			isa = PBXSourcesBuildPhase;
			buildActionMask = 2147483647;
			files = (
				DE35E36422AEF2B800E954E9 /* EmojiTableViewController.swift in Sources */,
				DE35E3AC22C174B900E954E9 /* EmojiDetailTableViewController.swift in Sources */,
				DE35E36822AEF58200E954E9 /* EmojiTableViewController+UITableViewDataSource.swift in Sources */,
				DE35E35F22AD9C4500E954E9 /* Emoji.swift in Sources */,
				DE35E3A822C15FA100E954E9 /* EmojiTableViewController+Navigation.swift in Sources */,
				DE35E36122AEEB6100E954E9 /* EmojiTableViewController+UIViewController.swift in Sources */,
				DE35E34822AD9AEF00E954E9 /* AppDelegate.swift in Sources */,
				DE35E37022AF09F300E954E9 /* EmojiTableViewController+Delegate.swift in Sources */,
				DE35E36B22AF00EE00E954E9 /* EmojiTableViewCell.swift in Sources */,
				DE35E36622AEF2C800E954E9 /* EmojiTableViewController+ModelLoading.swift in Sources */,
				DE35E36E22AF056E00E954E9 /* CellManager.swift in Sources */,
				DE35E3AA22C1739C00E954E9 /* EmojiDetailTableViewController+UIViewController.swift in Sources */,
			);
			runOnlyForDeploymentPostprocessing = 0;
		};
/* End PBXSourcesBuildPhase section */

/* Begin PBXVariantGroup section */
		DE35E34B22AD9AEF00E954E9 /* Main.storyboard */ = {
			isa = PBXVariantGroup;
			children = (
				DE35E34C22AD9AEF00E954E9 /* Base */,
			);
			name = Main.storyboard;
			sourceTree = "<group>";
		};
		DE35E35022AD9AF100E954E9 /* LaunchScreen.storyboard */ = {
			isa = PBXVariantGroup;
			children = (
				DE35E35122AD9AF100E954E9 /* Base */,
			);
			name = LaunchScreen.storyboard;
			sourceTree = "<group>";
		};
/* End PBXVariantGroup section */

/* Begin XCBuildConfiguration section */
		DE35E35422AD9AF100E954E9 /* Debug */ = {
			isa = XCBuildConfiguration;
			buildSettings = {
				ALWAYS_SEARCH_USER_PATHS = NO;
				CLANG_ANALYZER_NONNULL = YES;
				CLANG_ANALYZER_NUMBER_OBJECT_CONVERSION = YES_AGGRESSIVE;
				CLANG_CXX_LANGUAGE_STANDARD = "gnu++14";
				CLANG_CXX_LIBRARY = "libc++";
				CLANG_ENABLE_MODULES = YES;
				CLANG_ENABLE_OBJC_ARC = YES;
				CLANG_ENABLE_OBJC_WEAK = YES;
				CLANG_WARN_BLOCK_CAPTURE_AUTORELEASING = YES;
				CLANG_WARN_BOOL_CONVERSION = YES;
				CLANG_WARN_COMMA = YES;
				CLANG_WARN_CONSTANT_CONVERSION = YES;
				CLANG_WARN_DEPRECATED_OBJC_IMPLEMENTATIONS = YES;
				CLANG_WARN_DIRECT_OBJC_ISA_USAGE = YES_ERROR;
				CLANG_WARN_DOCUMENTATION_COMMENTS = YES;
				CLANG_WARN_EMPTY_BODY = YES;
				CLANG_WARN_ENUM_CONVERSION = YES;
				CLANG_WARN_INFINITE_RECURSION = YES;
				CLANG_WARN_INT_CONVERSION = YES;
				CLANG_WARN_NON_LITERAL_NULL_CONVERSION = YES;
				CLANG_WARN_OBJC_IMPLICIT_RETAIN_SELF = YES;
				CLANG_WARN_OBJC_LITERAL_CONVERSION = YES;
				CLANG_WARN_OBJC_ROOT_CLASS = YES_ERROR;
				CLANG_WARN_RANGE_LOOP_ANALYSIS = YES;
				CLANG_WARN_STRICT_PROTOTYPES = YES;
				CLANG_WARN_SUSPICIOUS_MOVE = YES;
				CLANG_WARN_UNGUARDED_AVAILABILITY = YES_AGGRESSIVE;
				CLANG_WARN_UNREACHABLE_CODE = YES;
				CLANG_WARN__DUPLICATE_METHOD_MATCH = YES;
				CODE_SIGN_IDENTITY = "iPhone Developer";
				COPY_PHASE_STRIP = NO;
				DEBUG_INFORMATION_FORMAT = dwarf;
				ENABLE_STRICT_OBJC_MSGSEND = YES;
				ENABLE_TESTABILITY = YES;
				GCC_C_LANGUAGE_STANDARD = gnu11;
				GCC_DYNAMIC_NO_PIC = NO;
				GCC_NO_COMMON_BLOCKS = YES;
				GCC_OPTIMIZATION_LEVEL = 0;
				GCC_PREPROCESSOR_DEFINITIONS = (
					"DEBUG=1",
					"$(inherited)",
				);
				GCC_WARN_64_TO_32_BIT_CONVERSION = YES;
				GCC_WARN_ABOUT_RETURN_TYPE = YES_ERROR;
				GCC_WARN_UNDECLARED_SELECTOR = YES;
				GCC_WARN_UNINITIALIZED_AUTOS = YES_AGGRESSIVE;
				GCC_WARN_UNUSED_FUNCTION = YES;
				GCC_WARN_UNUSED_VARIABLE = YES;
				IPHONEOS_DEPLOYMENT_TARGET = 12.2;
				MTL_ENABLE_DEBUG_INFO = INCLUDE_SOURCE;
				MTL_FAST_MATH = YES;
				ONLY_ACTIVE_ARCH = YES;
				SDKROOT = iphoneos;
				SWIFT_ACTIVE_COMPILATION_CONDITIONS = DEBUG;
				SWIFT_OPTIMIZATION_LEVEL = "-Onone";
			};
			name = Debug;
		};
		DE35E35522AD9AF100E954E9 /* Release */ = {
			isa = XCBuildConfiguration;
			buildSettings = {
				ALWAYS_SEARCH_USER_PATHS = NO;
				CLANG_ANALYZER_NONNULL = YES;
				CLANG_ANALYZER_NUMBER_OBJECT_CONVERSION = YES_AGGRESSIVE;
				CLANG_CXX_LANGUAGE_STANDARD = "gnu++14";
				CLANG_CXX_LIBRARY = "libc++";
				CLANG_ENABLE_MODULES = YES;
				CLANG_ENABLE_OBJC_ARC = YES;
				CLANG_ENABLE_OBJC_WEAK = YES;
				CLANG_WARN_BLOCK_CAPTURE_AUTORELEASING = YES;
				CLANG_WARN_BOOL_CONVERSION = YES;
				CLANG_WARN_COMMA = YES;
				CLANG_WARN_CONSTANT_CONVERSION = YES;
				CLANG_WARN_DEPRECATED_OBJC_IMPLEMENTATIONS = YES;
				CLANG_WARN_DIRECT_OBJC_ISA_USAGE = YES_ERROR;
				CLANG_WARN_DOCUMENTATION_COMMENTS = YES;
				CLANG_WARN_EMPTY_BODY = YES;
				CLANG_WARN_ENUM_CONVERSION = YES;
				CLANG_WARN_INFINITE_RECURSION = YES;
				CLANG_WARN_INT_CONVERSION = YES;
				CLANG_WARN_NON_LITERAL_NULL_CONVERSION = YES;
				CLANG_WARN_OBJC_IMPLICIT_RETAIN_SELF = YES;
				CLANG_WARN_OBJC_LITERAL_CONVERSION = YES;
				CLANG_WARN_OBJC_ROOT_CLASS = YES_ERROR;
				CLANG_WARN_RANGE_LOOP_ANALYSIS = YES;
				CLANG_WARN_STRICT_PROTOTYPES = YES;
				CLANG_WARN_SUSPICIOUS_MOVE = YES;
				CLANG_WARN_UNGUARDED_AVAILABILITY = YES_AGGRESSIVE;
				CLANG_WARN_UNREACHABLE_CODE = YES;
				CLANG_WARN__DUPLICATE_METHOD_MATCH = YES;
				CODE_SIGN_IDENTITY = "iPhone Developer";
				COPY_PHASE_STRIP = NO;
				DEBUG_INFORMATION_FORMAT = "dwarf-with-dsym";
				ENABLE_NS_ASSERTIONS = NO;
				ENABLE_STRICT_OBJC_MSGSEND = YES;
				GCC_C_LANGUAGE_STANDARD = gnu11;
				GCC_NO_COMMON_BLOCKS = YES;
				GCC_WARN_64_TO_32_BIT_CONVERSION = YES;
				GCC_WARN_ABOUT_RETURN_TYPE = YES_ERROR;
				GCC_WARN_UNDECLARED_SELECTOR = YES;
				GCC_WARN_UNINITIALIZED_AUTOS = YES_AGGRESSIVE;
				GCC_WARN_UNUSED_FUNCTION = YES;
				GCC_WARN_UNUSED_VARIABLE = YES;
				IPHONEOS_DEPLOYMENT_TARGET = 12.2;
				MTL_ENABLE_DEBUG_INFO = NO;
				MTL_FAST_MATH = YES;
				SDKROOT = iphoneos;
				SWIFT_COMPILATION_MODE = wholemodule;
				SWIFT_OPTIMIZATION_LEVEL = "-O";
				VALIDATE_PRODUCT = YES;
			};
			name = Release;
		};
		DE35E35722AD9AF100E954E9 /* Debug */ = {
			isa = XCBuildConfiguration;
			buildSettings = {
				ASSETCATALOG_COMPILER_APPICON_NAME = AppIcon;
				CODE_SIGN_STYLE = Automatic;
				DEVELOPMENT_TEAM = 4RUCTZF9T9;
				INFOPLIST_FILE = "$(SRCROOT)/Emoji Dictionary/App/Info.plist";
				LD_RUNPATH_SEARCH_PATHS = (
					"$(inherited)",
					"@executable_path/Frameworks",
				);
				PRODUCT_BUNDLE_IDENTIFIER = "com.iliakaras.Emoji-Dictionary";
				PRODUCT_NAME = "$(TARGET_NAME)";
				SWIFT_VERSION = 5.0;
				TARGETED_DEVICE_FAMILY = "1,2";
			};
			name = Debug;
		};
		DE35E35822AD9AF100E954E9 /* Release */ = {
			isa = XCBuildConfiguration;
			buildSettings = {
				ASSETCATALOG_COMPILER_APPICON_NAME = AppIcon;
				CODE_SIGN_STYLE = Automatic;
				DEVELOPMENT_TEAM = 4RUCTZF9T9;
				INFOPLIST_FILE = "$(SRCROOT)/Emoji Dictionary/App/Info.plist";
				LD_RUNPATH_SEARCH_PATHS = (
					"$(inherited)",
					"@executable_path/Frameworks",
				);
				PRODUCT_BUNDLE_IDENTIFIER = "com.iliakaras.Emoji-Dictionary";
				PRODUCT_NAME = "$(TARGET_NAME)";
				SWIFT_VERSION = 5.0;
				TARGETED_DEVICE_FAMILY = "1,2";
			};
			name = Release;
		};
/* End XCBuildConfiguration section */

/* Begin XCConfigurationList section */
		DE35E33F22AD9AEF00E954E9 /* Build configuration list for PBXProject "Emoji Dictionary" */ = {
			isa = XCConfigurationList;
			buildConfigurations = (
				DE35E35422AD9AF100E954E9 /* Debug */,
				DE35E35522AD9AF100E954E9 /* Release */,
			);
			defaultConfigurationIsVisible = 0;
			defaultConfigurationName = Release;
		};
		DE35E35622AD9AF100E954E9 /* Build configuration list for PBXNativeTarget "Emoji Dictionary" */ = {
			isa = XCConfigurationList;
			buildConfigurations = (
				DE35E35722AD9AF100E954E9 /* Debug */,
				DE35E35822AD9AF100E954E9 /* Release */,
			);
			defaultConfigurationIsVisible = 0;
			defaultConfigurationName = Release;
		};
/* End XCConfigurationList section */
	};
	rootObject = DE35E33C22AD9AEF00E954E9 /* Project object */;
}
